{"packages":{"protobuf":{"version":"0.0.0","source":"git","description":{"url":"git://github.com/ucam-cl-dtg/dart-protobuf.git","ref":null,"resolved-ref":"2321f176bf9af333f89d724ea9bdf15bf97335a3"}},"bignum":{"version":"0.0.1","source":"git","description":{"url":"git://github.com/ucam-cl-dtg/dart-bignum.git","ref":null,"resolved-ref":"3ae827719031413310c5f1d7687b878d74bb225c"}},"json_object":{"version":"1.0.7","source":"hosted","description":"json_object"},"unittest":{"version":"0.3.2","source":"hosted","description":"unittest"},"meta":{"version":"0.3.2","source":"hosted","description":"meta"}}}